
Microsoft Visual Studio Solution File, Format Version 12.00
# Visual Studio 2013
VisualStudioVersion = 12.0.21005.1
MinimumVisualStudioVersion = 10.0.40219.1
Project("{FAE04EC0-301F-11D3-BF4B-00C04F79EFBC}") = "MyGstConduite.WebGstConduite", "MyGstConduite.WSGstConduite\MyGstConduite.WebGstConduite.csproj", "{E31F9325-53F2-4344-A2D4-2E6C0D13DD96}"
EndProject
Project("{FAE04EC0-301F-11D3-BF4B-00C04F79EFBC}") = "MyGstConduite.BO", "MyGstConduite.BO\MyGstConduite.BO.csproj", "{55782FAB-4253-4119-B79C-062B68B93C1B}"
EndProject
Global
	GlobalSection(SolutionConfigurationPlatforms) = preSolution
		Debug|Any CPU = Debug|Any CPU
		Release|Any CPU = Release|Any CPU
	EndGlobalSection
	GlobalSection(ProjectConfigurationPlatforms) = postSolution
		{E31F9325-53F2-4344-A2D4-2E6C0D13DD96}.Debug|Any CPU.ActiveCfg = Debug|Any CPU
		{E31F9325-53F2-4344-A2D4-2E6C0D13DD96}.Debug|Any CPU.Build.0 = Debug|Any CPU
		{E31F9325-53F2-4344-A2D4-2E6C0D13DD96}.Release|Any CPU.ActiveCfg = Release|Any CPU
		{E31F9325-53F2-4344-A2D4-2E6C0D13DD96}.Release|Any CPU.Build.0 = Release|Any CPU
		{55782FAB-4253-4119-B79C-062B68B93C1B}.Debug|Any CPU.ActiveCfg = Debug|Any CPU
		{55782FAB-4253-4119-B79C-062B68B93C1B}.Debug|Any CPU.Build.0 = Debug|Any CPU
		{55782FAB-4253-4119-B79C-062B68B93C1B}.Release|Any CPU.ActiveCfg = Release|Any CPU
		{55782FAB-4253-4119-B79C-062B68B93C1B}.Release|Any CPU.Build.0 = Release|Any CPU
	EndGlobalSection
	GlobalSection(SolutionProperties) = preSolution
		HideSolutionNode = FALSE
	EndGlobalSection
EndGlobal
